github.com/aws/aws-sdk-go-v2 v1.8.1 h1:GcFgQl7MsBygmeeqXyV1ivrTEmsVz/rdFJaTcltG9ag=
github.com/aws/aws-sdk-go-v2 v1.8.1/go.mod h1:xEFuWz+3TYdlPRuo+CqATbeDWIWyaT5uAPwPaWtgse0=
github.com/aws/aws-sdk-go-v2/service/ec2 v1.14.0 h1:amBnPTRG9rrvfk1OEUJq3HpaB4wC+E0KWsZWIsvVvjM=
github.com/aws/aws-sdk-go-v2/service/ec2 v1.14.0/go.mod h1:p5dgL8qRkrwFy1PiYXxqLYIo2uqcAZiOvj7lvWgIpe8=
github.com/aws/aws-sdk-go-v2/service/ecs v1.8.1 h1:2+lWL84jOEVN0A+PMVzLqOJa6TJjdgYFtzfWLqOFyfw=
github.com/aws/aws-sdk-go-v2/service/ecs v1.8.1/go.mod h1:X8asgC0iFHTZUR/J4QBvBZh5K44p1vzmMZeisne0Ok8=
github.com/aws/aws-sdk-go-v2/service/eks v1.8.2 h1:ZiN71cFai1dmpqmCCpepWvq4br1VaOOD+F7wIiRyxfQ=
github.com/aws/aws-sdk-go-v2/service/eks v1.8.2/go.mod h1:77rqc0rWt086z+mu5PWsFBL7+TDNEbsf9J7SXaS9PYA=
github.com/aws/aws-sdk-go-v2/service/internal/presigned-url v1.2.3/go.mod h1:7gcsONBmFoCcKrAqrm95trrMd2+C/ReYKP7Vfu8yHHA=
github.com/aws/smithy-go v1.7.0 h1:+cLHMRrDZvQ4wk+KuQ9yH6eEg6KZEJ9RI2IkDqnygCg=
github.com/aws/smithy-go v1.7.0/go.mod h1:SObp3lf9smib00L/v3U2eAKG8FyQ7iLrJnQiAmR5n+E=
github.com/davecgh/go-spew v1.1.0/go.mod h1:J7Y8YcW2NihsgmVo/mv3lAwl/skON4iLHjSsI+c5H38=
github.com/google/go-cmp v0.5.4/go.mod h1:v8dTdLbMG2kIc/vJvl+f65V22dbkXbowE6jgT/gNBxE=
github.com/google/go-cmp v0.5.6/go.mod h1:v8dTdLbMG2kIc/vJvl+f65V22dbkXbowE6jgT/gNBxE=
github.com/jmespath/go-jmespath v0.4.0/go.mod h1:T8mJZnbsbmF+m6zOOFylbeCJqk5+pHWvzYPziyZiYoo=
github.com/jmespath/go-jmespath/internal/testify v1.5.1/go.mod h1:L3OGu8Wl2/fWfCI6z80xFu9LTZmf1ZRjMHUOPmWr69U=
github.com/pmezard/go-difflib v1.0.0/go.mod h1:iKH77koFhYxTK1pcRnkKkqfTogsbg7gZNVY4sRDYZ/4=
github.com/stretchr/objx v0.1.0/go.mod h1:HFkY916IF+rwdDfMAkV7OtwuqBVzrE8GR6GFx+wExME=
golang.org/x/xerrors v0.0.0-20191204190536-9bdfabe68543/go.mod h1:I/5z698sn9Ka8TeJc9MKroUUfqBBauWjQqLJ2OPfmY0=
gopkg.in/check.v1 v0.0.0-20161208181325-20d25e280405/go.mod h1:Co6ibVJAznAaIkqp8huTwlJQCZ016jof/cbN4VW5Yz0=
gopkg.in/yaml.v2 v2.2.8/go.mod h1:hI93XBmqTisBFMUTm0b8Fm+jr3Dg1NNxqwp+5A1VGuI=
